// !$*UTF8*$!
{
	archiveVersion = 1;
	classes = {
	};
	objectVersion = 46;
	objects = {

/* Begin PBXBuildFile section */
		DC2DB70B19C60CC3009FA2D5 /* AppDelegate.swift in Sources */ = {isa = PBXBuildFile; fileRef = DC2DB70A19C60CC3009FA2D5 /* AppDelegate.swift */; };
		DC2DB70D19C60CC3009FA2D5 /* ViewController.swift in Sources */ = {isa = PBXBuildFile; fileRef = DC2DB70C19C60CC3009FA2D5 /* ViewController.swift */; };
		DC2DB71019C60CC3009FA2D5 /* Main.storyboard in Resources */ = {isa = PBXBuildFile; fileRef = DC2DB70E19C60CC3009FA2D5 /* Main.storyboard */; };
		DC2DB71219C60CC3009FA2D5 /* Images.xcassets in Resources */ = {isa = PBXBuildFile; fileRef = DC2DB71119C60CC3009FA2D5 /* Images.xcassets */; };
		DC2DB71519C60CC3009FA2D5 /* LaunchScreen.xib in Resources */ = {isa = PBXBuildFile; fileRef = DC2DB71319C60CC3009FA2D5 /* LaunchScreen.xib */; };
		DC2DB72119C60CC3009FA2D5 /* PostcardTests.swift in Sources */ = {isa = PBXBuildFile; fileRef = DC2DB72019C60CC3009FA2D5 /* PostcardTests.swift */; };
		DC2DB72B19C61330009FA2D5 /* SagradaFamilia.jpeg in Resources */ = {isa = PBXBuildFile; fileRef = DC2DB72A19C61330009FA2D5 /* SagradaFamilia.jpeg */; };
		DC2DB72D19C7E2ED009FA2D5 /* AlbertEinsteinStamp.jpg in Resources */ = {isa = PBXBuildFile; fileRef = DC2DB72C19C7E2ED009FA2D5 /* AlbertEinsteinStamp.jpg */; };
/* End PBXBuildFile section */

/* Begin PBXContainerItemProxy section */
		DC2DB71B19C60CC3009FA2D5 /* PBXContainerItemProxy */ = {
			isa = PBXContainerItemProxy;
			containerPortal = DC2DB6FD19C60CC3009FA2D5 /* Project object */;
			proxyType = 1;
			remoteGlobalIDString = DC2DB70419C60CC3009FA2D5;
			remoteInfo = Postcard;
		};
/* End PBXContainerItemProxy section */

/* Begin PBXFileReference section */
		DC2DB70519C60CC3009FA2D5 /* Postcard.app */ = {isa = PBXFileReference; explicitFileType = wrapper.application; includeInIndex = 0; path = Postcard.app; sourceTree = BUILT_PRODUCTS_DIR; };
		DC2DB70919C60CC3009FA2D5 /* Info.plist */ = {isa = PBXFileReference; lastKnownFileType = text.plist.xml; path = Info.plist; sourceTree = "<group>"; };
		DC2DB70A19C60CC3009FA2D5 /* AppDelegate.swift */ = {isa = PBXFileReference; lastKnownFileType = sourcecode.swift; path = AppDelegate.swift; sourceTree = "<group>"; };
		DC2DB70C19C60CC3009FA2D5 /* ViewController.swift */ = {isa = PBXFileReference; lastKnownFileType = sourcecode.swift; path = ViewController.swift; sourceTree = "<group>"; };
		DC2DB70F19C60CC3009FA2D5 /* Base */ = {isa = PBXFileReference; lastKnownFileType = file.storyboard; name = Base; path = Base.lproj/Main.storyboard; sourceTree = "<group>"; };
		DC2DB71119C60CC3009FA2D5 /* Images.xcassets */ = {isa = PBXFileReference; lastKnownFileType = folder.assetcatalog; path = Images.xcassets; sourceTree = "<group>"; };
		DC2DB71419C60CC3009FA2D5 /* Base */ = {isa = PBXFileReference; lastKnownFileType = file.xib; name = Base; path = Base.lproj/LaunchScreen.xib; sourceTree = "<group>"; };
		DC2DB71A19C60CC3009FA2D5 /* PostcardTests.xctest */ = {isa = PBXFileReference; explicitFileType = wrapper.cfbundle; includeInIndex = 0; path = PostcardTests.xctest; sourceTree = BUILT_PRODUCTS_DIR; };
		DC2DB71F19C60CC3009FA2D5 /* Info.plist */ = {isa = PBXFileReference; lastKnownFileType = text.plist.xml; path = Info.plist; sourceTree = "<group>"; };
		DC2DB72019C60CC3009FA2D5 /* PostcardTests.swift */ = {isa = PBXFileReference; lastKnownFileType = sourcecode.swift; path = PostcardTests.swift; sourceTree = "<group>"; };
		DC2DB72A19C61330009FA2D5 /* SagradaFamilia.jpeg */ = {isa = PBXFileReference; lastKnownFileType = image.jpeg; path = SagradaFamilia.jpeg; sourceTree = "<group>"; };
		DC2DB72C19C7E2ED009FA2D5 /* AlbertEinsteinStamp.jpg */ = {isa = PBXFileReference; lastKnownFileType = image.jpeg; path = AlbertEinsteinStamp.jpg; sourceTree = "<group>"; };
/* End PBXFileReference section */

/* Begin PBXFrameworksBuildPhase section */
		DC2DB70219C60CC3009FA2D5 /* Frameworks */ = {
			isa = PBXFrameworksBuildPhase;
			buildActionMask = 2147483647;
			files = (
			);
			runOnlyForDeploymentPostprocessing = 0;
		};
		DC2DB71719C60CC3009FA2D5 /* Frameworks */ = {
			isa = PBXFrameworksBuildPhase;
			buildActionMask = 2147483647;
			files = (
			);
			runOnlyForDeploymentPostprocessing = 0;
		};
/* End PBXFrameworksBuildPhase section */

/* Begin PBXGroup section */
		DC2DB6FC19C60CC3009FA2D5 = {
			isa = PBXGroup;
			children = (
				DC2DB70719C60CC3009FA2D5 /* Postcard */,
				DC2DB71D19C60CC3009FA2D5 /* PostcardTests */,
				DC2DB70619C60CC3009FA2D5 /* Products */,
			);
			sourceTree = "<group>";
		};
		DC2DB70619C60CC3009FA2D5 /* Products */ = {
			isa = PBXGroup;
			children = (
				DC2DB70519C60CC3009FA2D5 /* Postcard.app */,
				DC2DB71A19C60CC3009FA2D5 /* PostcardTests.xctest */,
			);
			name = Products;
			sourceTree = "<group>";
		};
		DC2DB70719C60CC3009FA2D5 /* Postcard */ = {
			isa = PBXGroup;
			children = (
				DC2DB70A19C60CC3009FA2D5 /* AppDelegate.swift */,
				DC2DB70C19C60CC3009FA2D5 /* ViewController.swift */,
				DC2DB70E19C60CC3009FA2D5 /* Main.storyboard */,
				DC2DB71119C60CC3009FA2D5 /* Images.xcassets */,
				DC2DB71319C60CC3009FA2D5 /* LaunchScreen.xib */,
				DC2DB70819C60CC3009FA2D5 /* Supporting Files */,
			);
			path = Postcard;
			sourceTree = "<group>";
		};
		DC2DB70819C60CC3009FA2D5 /* Supporting Files */ = {
			isa = PBXGroup;
			children = (
				DC2DB72C19C7E2ED009FA2D5 /* AlbertEinsteinStamp.jpg */,
				DC2DB72A19C61330009FA2D5 /* SagradaFamilia.jpeg */,
				DC2DB70919C60CC3009FA2D5 /* Info.plist */,
			);
			name = "Supporting Files";
			sourceTree = "<group>";
		};
		DC2DB71D19C60CC3009FA2D5 /* PostcardTests */ = {
			isa = PBXGroup;
			children = (
				DC2DB72019C60CC3009FA2D5 /* PostcardTests.swift */,
				DC2DB71E19C60CC3009FA2D5 /* Supporting Files */,
			);
			path = PostcardTests;
			sourceTree = "<group>";
		};
		DC2DB71E19C60CC3009FA2D5 /* Supporting Files */ = {
			isa = PBXGroup;
			children = (
				DC2DB71F19C60CC3009FA2D5 /* Info.plist */,
			);
			name = "Supporting Files";
			sourceTree = "<group>";
		};
/* End PBXGroup section */

/* Begin PBXNativeTarget section */
		DC2DB70419C60CC3009FA2D5 /* Postcard */ = {
			isa = PBXNativeTarget;
			buildConfigurationList = DC2DB72419C60CC3009FA2D5 /* Build configuration list for PBXNativeTarget "Postcard" */;
			buildPhases = (
				DC2DB70119C60CC3009FA2D5 /* Sources */,
				DC2DB70219C60CC3009FA2D5 /* Frameworks */,
				DC2DB70319C60CC3009FA2D5 /* Resources */,
			);
			buildRules = (
			);
			dependencies = (
			);
			name = Postcard;
			productName = Postcard;
			productReference = DC2DB70519C60CC3009FA2D5 /* Postcard.app */;
			productType = "com.apple.product-type.application";
		};
		DC2DB71919C60CC3009FA2D5 /* PostcardTests */ = {
			isa = PBXNativeTarget;
			buildConfigurationList = DC2DB72719C60CC3009FA2D5 /* Build configuration list for PBXNativeTarget "PostcardTests" */;
			buildPhases = (
				DC2DB71619C60CC3009FA2D5 /* Sources */,
				DC2DB71719C60CC3009FA2D5 /* Frameworks */,
				DC2DB71819C60CC3009FA2D5 /* Resources */,
			);
			buildRules = (
			);
			dependencies = (
				DC2DB71C19C60CC3009FA2D5 /* PBXTargetDependency */,
			);
			name = PostcardTests;
			productName = PostcardTests;
			productReference = DC2DB71A19C60CC3009FA2D5 /* PostcardTests.xctest */;
			productType = "com.apple.product-type.bundle.unit-test";
		};
/* End PBXNativeTarget section */

/* Begin PBXProject section */
		DC2DB6FD19C60CC3009FA2D5 /* Project object */ = {
			isa = PBXProject;
			attributes = {
				LastUpgradeCheck = 0600;
				ORGANIZATIONNAME = "Rodney Zietlow";
				TargetAttributes = {
					DC2DB70419C60CC3009FA2D5 = {
						CreatedOnToolsVersion = 6.0;
						DevelopmentTeam = EMUZEGY2X6;
					};
					DC2DB71919C60CC3009FA2D5 = {
						CreatedOnToolsVersion = 6.0;
						TestTargetID = DC2DB70419C60CC3009FA2D5;
					};
				};
			};
			buildConfigurationList = DC2DB70019C60CC3009FA2D5 /* Build configuration list for PBXProject "Postcard" */;
			compatibilityVersion = "Xcode 3.2";
			developmentRegion = English;
			hasScannedForEncodings = 0;
			knownRegions = (
				en,
				Base,
			);
			mainGroup = DC2DB6FC19C60CC3009FA2D5;
			productRefGroup = DC2DB70619C60CC3009FA2D5 /* Products */;
			projectDirPath = "";
			projectRoot = "";
			targets = (
				DC2DB70419C60CC3009FA2D5 /* Postcard */,
				DC2DB71919C60CC3009FA2D5 /* PostcardTests */,
			);
		};
/* End PBXProject section */

/* Begin PBXResourcesBuildPhase section */
		DC2DB70319C60CC3009FA2D5 /* Resources */ = {
			isa = PBXResourcesBuildPhase;
			buildActionMask = 2147483647;
			files = (
				DC2DB71019C60CC3009FA2D5 /* Main.storyboard in Resources */,
				DC2DB72B19C61330009FA2D5 /* SagradaFamilia.jpeg in Resources */,
				DC2DB72D19C7E2ED009FA2D5 /* AlbertEinsteinStamp.jpg in Resources */,
				DC2DB71519C60CC3009FA2D5 /* LaunchScreen.xib in Resources */,
				DC2DB71219C60CC3009FA2D5 /* Images.xcassets in Resources */,
			);
			runOnlyForDeploymentPostprocessing = 0;
		};
		DC2DB71819C60CC3009FA2D5 /* Resources */ = {
			isa = PBXResourcesBuildPhase;
			buildActionMask = 2147483647;
			files = (
			);
			runOnlyForDeploymentPostprocessing = 0;
		};
/* End PBXResourcesBuildPhase section */

/* Begin PBXSourcesBuildPhase section */
		DC2DB70119C60CC3009FA2D5 /* Sources */ = {
			isa = PBXSourcesBuildPhase;
			buildActionMask = 2147483647;
			files = (
				DC2DB70D19C60CC3009FA2D5 /* ViewController.swift in Sources */,
				DC2DB70B19C60CC3009FA2D5 /* AppDelegate.swift in Sources */,
			);
			runOnlyForDeploymentPostprocessing = 0;
		};
		DC2DB71619C60CC3009FA2D5 /* Sources */ = {
			isa = PBXSourcesBuildPhase;
			buildActionMask = 2147483647;
			files = (
				DC2DB72119C60CC3009FA2D5 /* PostcardTests.swift in Sources */,
			);
			runOnlyForDeploymentPostprocessing = 0;
		};
/* End PBXSourcesBuildPhase section */

/* Begin PBXTargetDependency section */
		DC2DB71C19C60CC3009FA2D5 /* PBXTargetDependency */ = {
			isa = PBXTargetDependency;
			target = DC2DB70419C60CC3009FA2D5 /* Postcard */;
			targetProxy = DC2DB71B19C60CC3009FA2D5 /* PBXContainerItemProxy */;
		};
/* End PBXTargetDependency section */

/* Begin PBXVariantGroup section */
		DC2DB70E19C60CC3009FA2D5 /* Main.storyboard */ = {
			isa = PBXVariantGroup;
			children = (
				DC2DB70F19C60CC3009FA2D5 /* Base */,
			);
			name = Main.storyboard;
			sourceTree = "<group>";
		};
		DC2DB71319C60CC3009FA2D5 /* LaunchScreen.xib */ = {
			isa = PBXVariantGroup;
			children = (
				DC2DB71419C60CC3009FA2D5 /* Base */,
			);
			name = LaunchScreen.xib;
			sourceTree = "<group>";
		};
/* End PBXVariantGroup section */

/* Begin XCBuildConfiguration section */
		DC2DB72219C60CC3009FA2D5 /* Debug */ = {
			isa = XCBuildConfiguration;
			buildSettings = {
				ALWAYS_SEARCH_USER_PATHS = NO;
				CLANG_CXX_LANGUAGE_STANDARD = "gnu++0x";
				CLANG_CXX_LIBRARY = "libc++";
				CLANG_ENABLE_MODULES = YES;
				CLANG_ENABLE_OBJC_ARC = YES;
				CLANG_WARN_BOOL_CONVERSION = YES;
				CLANG_WARN_CONSTANT_CONVERSION = YES;
				CLANG_WARN_DIRECT_OBJC_ISA_USAGE = YES_ERROR;
				CLANG_WARN_EMPTY_BODY = YES;
				CLANG_WARN_ENUM_CONVERSION = YES;
				CLANG_WARN_INT_CONVERSION = YES;
				CLANG_WARN_OBJC_ROOT_CLASS = YES_ERROR;
				CLANG_WARN_UNREACHABLE_CODE = YES;
				CLANG_WARN__DUPLICATE_METHOD_MATCH = YES;
				"CODE_SIGN_IDENTITY[sdk=iphoneos*]" = "iPhone Developer";
				COPY_PHASE_STRIP = NO;
				ENABLE_STRICT_OBJC_MSGSEND = YES;
				GCC_C_LANGUAGE_STANDARD = gnu99;
				GCC_DYNAMIC_NO_PIC = NO;
				GCC_OPTIMIZATION_LEVEL = 0;
				GCC_PREPROCESSOR_DEFINITIONS = (
					"DEBUG=1",
					"$(inherited)",
				);
				GCC_SYMBOLS_PRIVATE_EXTERN = NO;
				GCC_WARN_64_TO_32_BIT_CONVERSION = YES;
				GCC_WARN_ABOUT_RETURN_TYPE = YES_ERROR;
				GCC_WARN_UNDECLARED_SELECTOR = YES;
				GCC_WARN_UNINITIALIZED_AUTOS = YES_AGGRESSIVE;
				GCC_WARN_UNUSED_FUNCTION = YES;
				GCC_WARN_UNUSED_VARIABLE = YES;
				IPHONEOS_DEPLOYMENT_TARGET = 8.0;
				MTL_ENABLE_DEBUG_INFO = YES;
				ONLY_ACTIVE_ARCH = YES;
				SDKROOT = iphoneos;
				SWIFT_OPTIMIZATION_LEVEL = "-Onone";
			};
			name = Debug;
		};
		DC2DB72319C60CC3009FA2D5 /* Release */ = {
			isa = XCBuildConfiguration;
			buildSettings = {
				ALWAYS_SEARCH_USER_PATHS = NO;
				CLANG_CXX_LANGUAGE_STANDARD = "gnu++0x";
				CLANG_CXX_LIBRARY = "libc++";
				CLANG_ENABLE_MODULES = YES;
				CLANG_ENABLE_OBJC_ARC = YES;
				CLANG_WARN_BOOL_CONVERSION = YES;
				CLANG_WARN_CONSTANT_CONVERSION = YES;
				CLANG_WARN_DIRECT_OBJC_ISA_USAGE = YES_ERROR;
				CLANG_WARN_EMPTY_BODY = YES;
				CLANG_WARN_ENUM_CONVERSION = YES;
				CLANG_WARN_INT_CONVERSION = YES;
				CLANG_WARN_OBJC_ROOT_CLASS = YES_ERROR;
				CLANG_WARN_UNREACHABLE_CODE = YES;
				CLANG_WARN__DUPLICATE_METHOD_MATCH = YES;
				"CODE_SIGN_IDENTITY[sdk=iphoneos*]" = "iPhone Developer";
				COPY_PHASE_STRIP = YES;
				ENABLE_NS_ASSERTIONS = NO;
				ENABLE_STRICT_OBJC_MSGSEND = YES;
				GCC_C_LANGUAGE_STANDARD = gnu99;
				GCC_WARN_64_TO_32_BIT_CONVERSION = YES;
				GCC_WARN_ABOUT_RETURN_TYPE = YES_ERROR;
				GCC_WARN_UNDECLARED_SELECTOR = YES;
				GCC_WARN_UNINITIALIZED_AUTOS = YES_AGGRESSIVE;
				GCC_WARN_UNUSED_FUNCTION = YES;
				GCC_WARN_UNUSED_VARIABLE = YES;
				IPHONEOS_DEPLOYMENT_TARGET = 8.0;
				MTL_ENABLE_DEBUG_INFO = NO;
				SDKROOT = iphoneos;
				VALIDATE_PRODUCT = YES;
			};
			name = Release;
		};
		DC2DB72519C60CC3009FA2D5 /* Debug */ = {
			isa = XCBuildConfiguration;
			buildSettings = {
				ASSETCATALOG_COMPILER_APPICON_NAME = AppIcon;
				CODE_SIGN_IDENTITY = "iPhone Developer";
				INFOPLIST_FILE = Postcard/Info.plist;
				LD_RUNPATH_SEARCH_PATHS = "$(inherited) @executable_path/Frameworks";
				PRODUCT_NAME = "$(TARGET_NAME)";
			};
			name = Debug;
		};
		DC2DB72619C60CC3009FA2D5 /* Release */ = {
			isa = XCBuildConfiguration;
			buildSettings = {
				ASSETCATALOG_COMPILER_APPICON_NAME = AppIcon;
				CODE_SIGN_IDENTITY = "iPhone Developer";
				INFOPLIST_FILE = Postcard/Info.plist;
				LD_RUNPATH_SEARCH_PATHS = "$(inherited) @executable_path/Frameworks";
				PRODUCT_NAME = "$(TARGET_NAME)";
			};
			name = Release;
		};
		DC2DB72819C60CC3009FA2D5 /* Debug */ = {
			isa = XCBuildConfiguration;
			buildSettings = {
				BUNDLE_LOADER = "$(TEST_HOST)";
				FRAMEWORK_SEARCH_PATHS = (
					"$(SDKROOT)/Developer/Library/Frameworks",
					"$(inherited)",
				);
				GCC_PREPROCESSOR_DEFINITIONS = (
					"DEBUG=1",
					"$(inherited)",
				);
				INFOPLIST_FILE = PostcardTests/Info.plist;
				LD_RUNPATH_SEARCH_PATHS = "$(inherited) @executable_path/Frameworks @loader_path/Frameworks";
				PRODUCT_NAME = "$(TARGET_NAME)";
				TEST_HOST = "$(BUILT_PRODUCTS_DIR)/Postcard.app/Postcard";
			};
			name = Debug;
		};
		DC2DB72919C60CC3009FA2D5 /* Release */ = {
			isa = XCBuildConfiguration;
			buildSettings = {
				BUNDLE_LOADER = "$(TEST_HOST)";
				FRAMEWORK_SEARCH_PATHS = (
					"$(SDKROOT)/Developer/Library/Frameworks",
					"$(inherited)",
				);
				INFOPLIST_FILE = PostcardTests/Info.plist;
				LD_RUNPATH_SEARCH_PATHS = "$(inherited) @executable_path/Frameworks @loader_path/Frameworks";
				PRODUCT_NAME = "$(TARGET_NAME)";
				TEST_HOST = "$(BUILT_PRODUCTS_DIR)/Postcard.app/Postcard";
			};
			name = Release;
		};
/* End XCBuildConfiguration section */

/* Begin XCConfigurationList section */
		DC2DB70019C60CC3009FA2D5 /* Build configuration list for PBXProject "Postcard" */ = {
			isa = XCConfigurationList;
			buildConfigurations = (
				DC2DB72219C60CC3009FA2D5 /* Debug */,
				DC2DB72319C60CC3009FA2D5 /* Release */,
			);
			defaultConfigurationIsVisible = 0;
			defaultConfigurationName = Release;
		};
		DC2DB72419C60CC3009FA2D5 /* Build configuration list for PBXNativeTarget "Postcard" */ = {
			isa = XCConfigurationList;
			buildConfigurations = (
				DC2DB72519C60CC3009FA2D5 /* Debug */,
				DC2DB72619C60CC3009FA2D5 /* Release */,
			);
			defaultConfigurationIsVisible = 0;
			defaultConfigurationName = Release;
		};
		DC2DB72719C60CC3009FA2D5 /* Build configuration list for PBXNativeTarget "PostcardTests" */ = {
			isa = XCConfigurationList;
			buildConfigurations = (
				DC2DB72819C60CC3009FA2D5 /* Debug */,
				DC2DB72919C60CC3009FA2D5 /* Release */,
			);
			defaultConfigurationIsVisible = 0;
			defaultConfigurationName = Release;
		};
/* End XCConfigurationList section */
	};
	rootObject = DC2DB6FD19C60CC3009FA2D5 /* Project object */;
}
